
Microsoft Visual Studio Solution File, Format Version 12.00
# Visual Studio 15
VisualStudioVersion = 15.0.28010.2036
MinimumVisualStudioVersion = 10.0.40219.1
Project("{FAE04EC0-301F-11D3-BF4B-00C04F79EFBC}") = "MCP", "ModernUINavigationApp1\MCP.csproj", "{B01E3849-C74D-4F48-A8D5-662C5E80D0F8}"
EndProject
Global
	GlobalSection(SolutionConfigurationPlatforms) = preSolution
		Debug|Any CPU = Debug|Any CPU
		Release|Any CPU = Release|Any CPU
	EndGlobalSection
	GlobalSection(ProjectConfigurationPlatforms) = postSolution
		{B01E3849-C74D-4F48-A8D5-662C5E80D0F8}.Debug|Any CPU.ActiveCfg = Debug|Any CPU
		{B01E3849-C74D-4F48-A8D5-662C5E80D0F8}.Debug|Any CPU.Build.0 = Debug|Any CPU
		{B01E3849-C74D-4F48-A8D5-662C5E80D0F8}.Release|Any CPU.ActiveCfg = Release|Any CPU
		{B01E3849-C74D-4F48-A8D5-662C5E80D0F8}.Release|Any CPU.Build.0 = Release|Any CPU
	EndGlobalSection
	GlobalSection(SolutionProperties) = preSolution
		HideSolutionNode = FALSE
	EndGlobalSection
	GlobalSection(ExtensibilityGlobals) = postSolution
		SolutionGuid = {E6723B3E-F524-46DF-A260-61652DFD921C}
	EndGlobalSection
EndGlobal
